
Microsoft Visual Studio Solution File, Format Version 12.00
# Visual Studio Version 16
VisualStudioVersion = 16.0.33214.272
MinimumVisualStudioVersion = 10.0.40219.1
Project("{FAE04EC0-301F-11D3-BF4B-00C04F79EFBC}") = "Interfaces", "Interfaces.csproj", "{DED5DBF2-0BF7-45DD-9426-6BBBB7FD5612}"
EndProject
Global
	GlobalSection(SolutionConfigurationPlatforms) = preSolution
		Debug|Any CPU = Debug|Any CPU
		Release|Any CPU = Release|Any CPU
	EndGlobalSection
	GlobalSection(ProjectConfigurationPlatforms) = postSolution
		{DED5DBF2-0BF7-45DD-9426-6BBBB7FD5612}.Debug|Any CPU.ActiveCfg = Debug|Any CPU
		{DED5DBF2-0BF7-45DD-9426-6BBBB7FD5612}.Debug|Any CPU.Build.0 = Debug|Any CPU
		{DED5DBF2-0BF7-45DD-9426-6BBBB7FD5612}.Release|Any CPU.ActiveCfg = Release|Any CPU
		{DED5DBF2-0BF7-45DD-9426-6BBBB7FD5612}.Release|Any CPU.Build.0 = Release|Any CPU
	EndGlobalSection
	GlobalSection(SolutionProperties) = preSolution
		HideSolutionNode = FALSE
	EndGlobalSection
	GlobalSection(ExtensibilityGlobals) = postSolution
		SolutionGuid = {F5F4C61F-906F-4C77-9043-6BBA975DCCC2}
	EndGlobalSection
EndGlobal
